
Microsoft Visual Studio Solution File, Format Version 12.00
# Visual Studio 15
VisualStudioVersion = 15.0.26430.16
MinimumVisualStudioVersion = 10.0.40219.1
Project("{FAE04EC0-301F-11D3-BF4B-00C04F79EFBC}") = "WpfFarms", "WpfFarms\WpfFarms.csproj", "{269D72D1-6085-45F6-A9E8-3772E0041355}"
EndProject
Project("{FAE04EC0-301F-11D3-BF4B-00C04F79EFBC}") = "WpfFarmsSupplier", "WpfFarmsSupplier\WpfFarmsSupplier.csproj", "{71ACD86F-34F5-419D-9954-FF7222789579}"
EndProject
Project("{FAE04EC0-301F-11D3-BF4B-00C04F79EFBC}") = "WpfMarketing", "WpfMarketing\WpfMarketing.csproj", "{69AC41BF-95AB-48B0-B5C3-809D9BE9FB26}"
EndProject
Global
	GlobalSection(SolutionConfigurationPlatforms) = preSolution
		Debug|Any CPU = Debug|Any CPU
		Release|Any CPU = Release|Any CPU
	EndGlobalSection
	GlobalSection(ProjectConfigurationPlatforms) = postSolution
		{269D72D1-6085-45F6-A9E8-3772E0041355}.Debug|Any CPU.ActiveCfg = Debug|Any CPU
		{269D72D1-6085-45F6-A9E8-3772E0041355}.Debug|Any CPU.Build.0 = Debug|Any CPU
		{269D72D1-6085-45F6-A9E8-3772E0041355}.Release|Any CPU.ActiveCfg = Release|Any CPU
		{269D72D1-6085-45F6-A9E8-3772E0041355}.Release|Any CPU.Build.0 = Release|Any CPU
		{71ACD86F-34F5-419D-9954-FF7222789579}.Debug|Any CPU.ActiveCfg = Debug|Any CPU
		{71ACD86F-34F5-419D-9954-FF7222789579}.Debug|Any CPU.Build.0 = Debug|Any CPU
		{71ACD86F-34F5-419D-9954-FF7222789579}.Release|Any CPU.ActiveCfg = Release|Any CPU
		{71ACD86F-34F5-419D-9954-FF7222789579}.Release|Any CPU.Build.0 = Release|Any CPU
		{69AC41BF-95AB-48B0-B5C3-809D9BE9FB26}.Debug|Any CPU.ActiveCfg = Debug|Any CPU
		{69AC41BF-95AB-48B0-B5C3-809D9BE9FB26}.Debug|Any CPU.Build.0 = Debug|Any CPU
		{69AC41BF-95AB-48B0-B5C3-809D9BE9FB26}.Release|Any CPU.ActiveCfg = Release|Any CPU
		{69AC41BF-95AB-48B0-B5C3-809D9BE9FB26}.Release|Any CPU.Build.0 = Release|Any CPU
	EndGlobalSection
	GlobalSection(SolutionProperties) = preSolution
		HideSolutionNode = FALSE
	EndGlobalSection
EndGlobal
